{
  "requires": true,
  "lockfileVersion": 1,
  "dependencies": {
    "@mdi/font": {
      "version": "6.9.96",
      "resolved": "https://registry.npmjs.org/@mdi/font/-/font-6.9.96.tgz",
      "integrity": "sha512-z3QVZStyHVwkDsFR7A7F2PIvZJPWgdSFw4BEEy2Gc9HUN5NfK9mGbjgaYClRcbMWiYEV45srmiYtczmBtCqR8w=="
    }
  }
}
