{
  "requires": true,
  "lockfileVersion": 1,
  "dependencies": {
    "@mdi/font": {
      "version": "5.8.55",
      "resolved": "https://registry.npmjs.org/@mdi/font/-/font-5.8.55.tgz",
      "integrity": "sha512-8mrwfFBsmj+D67ZiGQSe5TU/lcWCtDyli2eshQ2fvLCZGRPqFMM23YQp4+JMOTpk5yMZKTeAwNWIYfITy76OHA=="
    }
  }
}
