{
  "requires": true,
  "lockfileVersion": 1,
  "dependencies": {
    "@mdi/font": {
      "version": "6.2.95",
      "resolved": "https://registry.npmjs.org/@mdi/font/-/font-6.2.95.tgz",
      "integrity": "sha512-0RKkhabkFZP3ALwKqrjhdKdhydQpoydIjX6cvjIwLyjADCsE0pG68YkGY+S3qnfdErmhS4m8adwvgrAFXp2AYQ=="
    }
  }
}
